// !$*UTF8*$!
{
	archiveVersion = 1;
	classes = {
	};
	objectVersion = 50;
	objects = {

/* Begin PBXBuildFile section */
		856235E025FC656B00EBBFD6 /* AppDelegate.swift in Sources */ = {isa = PBXBuildFile; fileRef = 856235DF25FC656B00EBBFD6 /* AppDelegate.swift */; };
		856235E425FC656B00EBBFD6 /* ViewController.swift in Sources */ = {isa = PBXBuildFile; fileRef = 856235E325FC656B00EBBFD6 /* ViewController.swift */; };
		856235E925FC656E00EBBFD6 /* Assets.xcassets in Resources */ = {isa = PBXBuildFile; fileRef = 856235E825FC656E00EBBFD6 /* Assets.xcassets */; };
		856235EC25FC656E00EBBFD6 /* LaunchScreen.storyboard in Resources */ = {isa = PBXBuildFile; fileRef = 856235EA25FC656E00EBBFD6 /* LaunchScreen.storyboard */; };
		856235F925FC663000EBBFD6 /* AppTabBarViewController.swift in Sources */ = {isa = PBXBuildFile; fileRef = 856235F725FC663000EBBFD6 /* AppTabBarViewController.swift */; };
		8562360325FC665A00EBBFD6 /* SmoothTabBarView.swift in Sources */ = {isa = PBXBuildFile; fileRef = 856235FE25FC665A00EBBFD6 /* SmoothTabBarView.swift */; };
		8562360425FC665A00EBBFD6 /* SmoothTabBarView.xib in Resources */ = {isa = PBXBuildFile; fileRef = 856235FF25FC665A00EBBFD6 /* SmoothTabBarView.xib */; };
		8562360525FC665A00EBBFD6 /* SmoothTabItemView.swift in Sources */ = {isa = PBXBuildFile; fileRef = 8562360125FC665A00EBBFD6 /* SmoothTabItemView.swift */; };
		8562360625FC665A00EBBFD6 /* SmoothTabItemView.xib in Resources */ = {isa = PBXBuildFile; fileRef = 8562360225FC665A00EBBFD6 /* SmoothTabItemView.xib */; };
		8562360925FC668300EBBFD6 /* Extensions.swift in Sources */ = {isa = PBXBuildFile; fileRef = 8562360825FC668300EBBFD6 /* Extensions.swift */; };
/* End PBXBuildFile section */

/* Begin PBXFileReference section */
		856235DC25FC656B00EBBFD6 /* SmoothTabBar.app */ = {isa = PBXFileReference; explicitFileType = wrapper.application; includeInIndex = 0; path = SmoothTabBar.app; sourceTree = BUILT_PRODUCTS_DIR; };
		856235DF25FC656B00EBBFD6 /* AppDelegate.swift */ = {isa = PBXFileReference; lastKnownFileType = sourcecode.swift; path = AppDelegate.swift; sourceTree = "<group>"; };
		856235E325FC656B00EBBFD6 /* ViewController.swift */ = {isa = PBXFileReference; lastKnownFileType = sourcecode.swift; path = ViewController.swift; sourceTree = "<group>"; };
		856235E825FC656E00EBBFD6 /* Assets.xcassets */ = {isa = PBXFileReference; lastKnownFileType = folder.assetcatalog; path = Assets.xcassets; sourceTree = "<group>"; };
		856235EB25FC656E00EBBFD6 /* Base */ = {isa = PBXFileReference; lastKnownFileType = file.storyboard; name = Base; path = Base.lproj/LaunchScreen.storyboard; sourceTree = "<group>"; };
		856235ED25FC656E00EBBFD6 /* Info.plist */ = {isa = PBXFileReference; lastKnownFileType = text.plist.xml; path = Info.plist; sourceTree = "<group>"; };
		856235F725FC663000EBBFD6 /* AppTabBarViewController.swift */ = {isa = PBXFileReference; fileEncoding = 4; lastKnownFileType = sourcecode.swift; path = AppTabBarViewController.swift; sourceTree = "<group>"; };
		856235FE25FC665A00EBBFD6 /* SmoothTabBarView.swift */ = {isa = PBXFileReference; fileEncoding = 4; lastKnownFileType = sourcecode.swift; path = SmoothTabBarView.swift; sourceTree = "<group>"; };
		856235FF25FC665A00EBBFD6 /* SmoothTabBarView.xib */ = {isa = PBXFileReference; fileEncoding = 4; lastKnownFileType = file.xib; path = SmoothTabBarView.xib; sourceTree = "<group>"; };
		8562360125FC665A00EBBFD6 /* SmoothTabItemView.swift */ = {isa = PBXFileReference; fileEncoding = 4; lastKnownFileType = sourcecode.swift; path = SmoothTabItemView.swift; sourceTree = "<group>"; };
		8562360225FC665A00EBBFD6 /* SmoothTabItemView.xib */ = {isa = PBXFileReference; fileEncoding = 4; lastKnownFileType = file.xib; path = SmoothTabItemView.xib; sourceTree = "<group>"; };
		8562360825FC668300EBBFD6 /* Extensions.swift */ = {isa = PBXFileReference; fileEncoding = 4; lastKnownFileType = sourcecode.swift; path = Extensions.swift; sourceTree = "<group>"; };
/* End PBXFileReference section */

/* Begin PBXFrameworksBuildPhase section */
		856235D925FC656B00EBBFD6 /* Frameworks */ = {
			isa = PBXFrameworksBuildPhase;
			buildActionMask = 2147483647;
			files = (
			);
			runOnlyForDeploymentPostprocessing = 0;
		};
/* End PBXFrameworksBuildPhase section */

/* Begin PBXGroup section */
		856235D325FC656B00EBBFD6 = {
			isa = PBXGroup;
			children = (
				856235DE25FC656B00EBBFD6 /* SmoothTabBar */,
				856235DD25FC656B00EBBFD6 /* Products */,
			);
			sourceTree = "<group>";
		};
		856235DD25FC656B00EBBFD6 /* Products */ = {
			isa = PBXGroup;
			children = (
				856235DC25FC656B00EBBFD6 /* SmoothTabBar.app */,
			);
			name = Products;
			sourceTree = "<group>";
		};
		856235DE25FC656B00EBBFD6 /* SmoothTabBar */ = {
			isa = PBXGroup;
			children = (
				8562360825FC668300EBBFD6 /* Extensions.swift */,
				856235FC25FC665A00EBBFD6 /* Source */,
				856235DF25FC656B00EBBFD6 /* AppDelegate.swift */,
				856235E325FC656B00EBBFD6 /* ViewController.swift */,
				856235E825FC656E00EBBFD6 /* Assets.xcassets */,
				856235EA25FC656E00EBBFD6 /* LaunchScreen.storyboard */,
				856235ED25FC656E00EBBFD6 /* Info.plist */,
			);
			path = SmoothTabBar;
			sourceTree = "<group>";
		};
		856235F625FC663000EBBFD6 /* TabBarController */ = {
			isa = PBXGroup;
			children = (
				856235F725FC663000EBBFD6 /* AppTabBarViewController.swift */,
			);
			path = TabBarController;
			sourceTree = "<group>";
		};
		856235FC25FC665A00EBBFD6 /* Source */ = {
			isa = PBXGroup;
			children = (
				856235F625FC663000EBBFD6 /* TabBarController */,
				856235FD25FC665A00EBBFD6 /* TabBarView */,
				8562360025FC665A00EBBFD6 /* TabItem */,
			);
			path = Source;
			sourceTree = "<group>";
		};
		856235FD25FC665A00EBBFD6 /* TabBarView */ = {
			isa = PBXGroup;
			children = (
				856235FE25FC665A00EBBFD6 /* SmoothTabBarView.swift */,
				856235FF25FC665A00EBBFD6 /* SmoothTabBarView.xib */,
			);
			path = TabBarView;
			sourceTree = "<group>";
		};
		8562360025FC665A00EBBFD6 /* TabItem */ = {
			isa = PBXGroup;
			children = (
				8562360125FC665A00EBBFD6 /* SmoothTabItemView.swift */,
				8562360225FC665A00EBBFD6 /* SmoothTabItemView.xib */,
			);
			path = TabItem;
			sourceTree = "<group>";
		};
/* End PBXGroup section */

/* Begin PBXNativeTarget section */
		856235DB25FC656B00EBBFD6 /* SmoothTabBar */ = {
			isa = PBXNativeTarget;
			buildConfigurationList = 856235F025FC656E00EBBFD6 /* Build configuration list for PBXNativeTarget "SmoothTabBar" */;
			buildPhases = (
				856235D825FC656B00EBBFD6 /* Sources */,
				856235D925FC656B00EBBFD6 /* Frameworks */,
				856235DA25FC656B00EBBFD6 /* Resources */,
			);
			buildRules = (
			);
			dependencies = (
			);
			name = SmoothTabBar;
			productName = SmoothTabBar;
			productReference = 856235DC25FC656B00EBBFD6 /* SmoothTabBar.app */;
			productType = "com.apple.product-type.application";
		};
/* End PBXNativeTarget section */

/* Begin PBXProject section */
		856235D425FC656B00EBBFD6 /* Project object */ = {
			isa = PBXProject;
			attributes = {
				LastSwiftUpdateCheck = 1240;
				LastUpgradeCheck = 1240;
				TargetAttributes = {
					856235DB25FC656B00EBBFD6 = {
						CreatedOnToolsVersion = 12.4;
					};
				};
			};
			buildConfigurationList = 856235D725FC656B00EBBFD6 /* Build configuration list for PBXProject "SmoothTabBar" */;
			compatibilityVersion = "Xcode 9.3";
			developmentRegion = en;
			hasScannedForEncodings = 0;
			knownRegions = (
				en,
				Base,
			);
			mainGroup = 856235D325FC656B00EBBFD6;
			productRefGroup = 856235DD25FC656B00EBBFD6 /* Products */;
			projectDirPath = "";
			projectRoot = "";
			targets = (
				856235DB25FC656B00EBBFD6 /* SmoothTabBar */,
			);
		};
/* End PBXProject section */

/* Begin PBXResourcesBuildPhase section */
		856235DA25FC656B00EBBFD6 /* Resources */ = {
			isa = PBXResourcesBuildPhase;
			buildActionMask = 2147483647;
			files = (
				856235EC25FC656E00EBBFD6 /* LaunchScreen.storyboard in Resources */,
				856235E925FC656E00EBBFD6 /* Assets.xcassets in Resources */,
				8562360425FC665A00EBBFD6 /* SmoothTabBarView.xib in Resources */,
				8562360625FC665A00EBBFD6 /* SmoothTabItemView.xib in Resources */,
			);
			runOnlyForDeploymentPostprocessing = 0;
		};
/* End PBXResourcesBuildPhase section */

/* Begin PBXSourcesBuildPhase section */
		856235D825FC656B00EBBFD6 /* Sources */ = {
			isa = PBXSourcesBuildPhase;
			buildActionMask = 2147483647;
			files = (
				856235E425FC656B00EBBFD6 /* ViewController.swift in Sources */,
				8562360925FC668300EBBFD6 /* Extensions.swift in Sources */,
				856235F925FC663000EBBFD6 /* AppTabBarViewController.swift in Sources */,
				856235E025FC656B00EBBFD6 /* AppDelegate.swift in Sources */,
				8562360525FC665A00EBBFD6 /* SmoothTabItemView.swift in Sources */,
				8562360325FC665A00EBBFD6 /* SmoothTabBarView.swift in Sources */,
			);
			runOnlyForDeploymentPostprocessing = 0;
		};
/* End PBXSourcesBuildPhase section */

/* Begin PBXVariantGroup section */
		856235EA25FC656E00EBBFD6 /* LaunchScreen.storyboard */ = {
			isa = PBXVariantGroup;
			children = (
				856235EB25FC656E00EBBFD6 /* Base */,
			);
			name = LaunchScreen.storyboard;
			sourceTree = "<group>";
		};
/* End PBXVariantGroup section */

/* Begin XCBuildConfiguration section */
		856235EE25FC656E00EBBFD6 /* Debug */ = {
			isa = XCBuildConfiguration;
			buildSettings = {
				ALWAYS_SEARCH_USER_PATHS = NO;
				CLANG_ANALYZER_NONNULL = YES;
				CLANG_ANALYZER_NUMBER_OBJECT_CONVERSION = YES_AGGRESSIVE;
				CLANG_CXX_LANGUAGE_STANDARD = "gnu++14";
				CLANG_CXX_LIBRARY = "libc++";
				CLANG_ENABLE_MODULES = YES;
				CLANG_ENABLE_OBJC_ARC = YES;
				CLANG_ENABLE_OBJC_WEAK = YES;
				CLANG_WARN_BLOCK_CAPTURE_AUTORELEASING = YES;
				CLANG_WARN_BOOL_CONVERSION = YES;
				CLANG_WARN_COMMA = YES;
				CLANG_WARN_CONSTANT_CONVERSION = YES;
				CLANG_WARN_DEPRECATED_OBJC_IMPLEMENTATIONS = YES;
				CLANG_WARN_DIRECT_OBJC_ISA_USAGE = YES_ERROR;
				CLANG_WARN_DOCUMENTATION_COMMENTS = YES;
				CLANG_WARN_EMPTY_BODY = YES;
				CLANG_WARN_ENUM_CONVERSION = YES;
				CLANG_WARN_INFINITE_RECURSION = YES;
				CLANG_WARN_INT_CONVERSION = YES;
				CLANG_WARN_NON_LITERAL_NULL_CONVERSION = YES;
				CLANG_WARN_OBJC_IMPLICIT_RETAIN_SELF = YES;
				CLANG_WARN_OBJC_LITERAL_CONVERSION = YES;
				CLANG_WARN_OBJC_ROOT_CLASS = YES_ERROR;
				CLANG_WARN_QUOTED_INCLUDE_IN_FRAMEWORK_HEADER = YES;
				CLANG_WARN_RANGE_LOOP_ANALYSIS = YES;
				CLANG_WARN_STRICT_PROTOTYPES = YES;
				CLANG_WARN_SUSPICIOUS_MOVE = YES;
				CLANG_WARN_UNGUARDED_AVAILABILITY = YES_AGGRESSIVE;
				CLANG_WARN_UNREACHABLE_CODE = YES;
				CLANG_WARN__DUPLICATE_METHOD_MATCH = YES;
				COPY_PHASE_STRIP = NO;
				DEBUG_INFORMATION_FORMAT = dwarf;
				ENABLE_STRICT_OBJC_MSGSEND = YES;
				ENABLE_TESTABILITY = YES;
				GCC_C_LANGUAGE_STANDARD = gnu11;
				GCC_DYNAMIC_NO_PIC = NO;
				GCC_NO_COMMON_BLOCKS = YES;
				GCC_OPTIMIZATION_LEVEL = 0;
				GCC_PREPROCESSOR_DEFINITIONS = (
					"DEBUG=1",
					"$(inherited)",
				);
				GCC_WARN_64_TO_32_BIT_CONVERSION = YES;
				GCC_WARN_ABOUT_RETURN_TYPE = YES_ERROR;
				GCC_WARN_UNDECLARED_SELECTOR = YES;
				GCC_WARN_UNINITIALIZED_AUTOS = YES_AGGRESSIVE;
				GCC_WARN_UNUSED_FUNCTION = YES;
				GCC_WARN_UNUSED_VARIABLE = YES;
				IPHONEOS_DEPLOYMENT_TARGET = 14.4;
				MTL_ENABLE_DEBUG_INFO = INCLUDE_SOURCE;
				MTL_FAST_MATH = YES;
				ONLY_ACTIVE_ARCH = YES;
				SDKROOT = iphoneos;
				SWIFT_ACTIVE_COMPILATION_CONDITIONS = DEBUG;
				SWIFT_OPTIMIZATION_LEVEL = "-Onone";
			};
			name = Debug;
		};
		856235EF25FC656E00EBBFD6 /* Release */ = {
			isa = XCBuildConfiguration;
			buildSettings = {
				ALWAYS_SEARCH_USER_PATHS = NO;
				CLANG_ANALYZER_NONNULL = YES;
				CLANG_ANALYZER_NUMBER_OBJECT_CONVERSION = YES_AGGRESSIVE;
				CLANG_CXX_LANGUAGE_STANDARD = "gnu++14";
				CLANG_CXX_LIBRARY = "libc++";
				CLANG_ENABLE_MODULES = YES;
				CLANG_ENABLE_OBJC_ARC = YES;
				CLANG_ENABLE_OBJC_WEAK = YES;
				CLANG_WARN_BLOCK_CAPTURE_AUTORELEASING = YES;
				CLANG_WARN_BOOL_CONVERSION = YES;
				CLANG_WARN_COMMA = YES;
				CLANG_WARN_CONSTANT_CONVERSION = YES;
				CLANG_WARN_DEPRECATED_OBJC_IMPLEMENTATIONS = YES;
				CLANG_WARN_DIRECT_OBJC_ISA_USAGE = YES_ERROR;
				CLANG_WARN_DOCUMENTATION_COMMENTS = YES;
				CLANG_WARN_EMPTY_BODY = YES;
				CLANG_WARN_ENUM_CONVERSION = YES;
				CLANG_WARN_INFINITE_RECURSION = YES;
				CLANG_WARN_INT_CONVERSION = YES;
				CLANG_WARN_NON_LITERAL_NULL_CONVERSION = YES;
				CLANG_WARN_OBJC_IMPLICIT_RETAIN_SELF = YES;
				CLANG_WARN_OBJC_LITERAL_CONVERSION = YES;
				CLANG_WARN_OBJC_ROOT_CLASS = YES_ERROR;
				CLANG_WARN_QUOTED_INCLUDE_IN_FRAMEWORK_HEADER = YES;
				CLANG_WARN_RANGE_LOOP_ANALYSIS = YES;
				CLANG_WARN_STRICT_PROTOTYPES = YES;
				CLANG_WARN_SUSPICIOUS_MOVE = YES;
				CLANG_WARN_UNGUARDED_AVAILABILITY = YES_AGGRESSIVE;
				CLANG_WARN_UNREACHABLE_CODE = YES;
				CLANG_WARN__DUPLICATE_METHOD_MATCH = YES;
				COPY_PHASE_STRIP = NO;
				DEBUG_INFORMATION_FORMAT = "dwarf-with-dsym";
				ENABLE_NS_ASSERTIONS = NO;
				ENABLE_STRICT_OBJC_MSGSEND = YES;
				GCC_C_LANGUAGE_STANDARD = gnu11;
				GCC_NO_COMMON_BLOCKS = YES;
				GCC_WARN_64_TO_32_BIT_CONVERSION = YES;
				GCC_WARN_ABOUT_RETURN_TYPE = YES_ERROR;
				GCC_WARN_UNDECLARED_SELECTOR = YES;
				GCC_WARN_UNINITIALIZED_AUTOS = YES_AGGRESSIVE;
				GCC_WARN_UNUSED_FUNCTION = YES;
				GCC_WARN_UNUSED_VARIABLE = YES;
				IPHONEOS_DEPLOYMENT_TARGET = 14.4;
				MTL_ENABLE_DEBUG_INFO = NO;
				MTL_FAST_MATH = YES;
				SDKROOT = iphoneos;
				SWIFT_COMPILATION_MODE = wholemodule;
				SWIFT_OPTIMIZATION_LEVEL = "-O";
				VALIDATE_PRODUCT = YES;
			};
			name = Release;
		};
		856235F125FC656E00EBBFD6 /* Debug */ = {
			isa = XCBuildConfiguration;
			buildSettings = {
				ASSETCATALOG_COMPILER_APPICON_NAME = AppIcon;
				ASSETCATALOG_COMPILER_GLOBAL_ACCENT_COLOR_NAME = AccentColor;
				CODE_SIGN_STYLE = Automatic;
				DEVELOPMENT_TEAM = 4L2B8KQ8HQ;
				INFOPLIST_FILE = SmoothTabBar/Info.plist;
				LD_RUNPATH_SEARCH_PATHS = (
					"$(inherited)",
					"@executable_path/Frameworks",
				);
				PRODUCT_BUNDLE_IDENTIFIER = Dhruv.SmoothTabBar;
				PRODUCT_NAME = "$(TARGET_NAME)";
				SWIFT_VERSION = 5.0;
				TARGETED_DEVICE_FAMILY = 1;
			};
			name = Debug;
		};
		856235F225FC656E00EBBFD6 /* Release */ = {
			isa = XCBuildConfiguration;
			buildSettings = {
				ASSETCATALOG_COMPILER_APPICON_NAME = AppIcon;
				ASSETCATALOG_COMPILER_GLOBAL_ACCENT_COLOR_NAME = AccentColor;
				CODE_SIGN_STYLE = Automatic;
				DEVELOPMENT_TEAM = 4L2B8KQ8HQ;
				INFOPLIST_FILE = SmoothTabBar/Info.plist;
				LD_RUNPATH_SEARCH_PATHS = (
					"$(inherited)",
					"@executable_path/Frameworks",
				);
				PRODUCT_BUNDLE_IDENTIFIER = Dhruv.SmoothTabBar;
				PRODUCT_NAME = "$(TARGET_NAME)";
				SWIFT_VERSION = 5.0;
				TARGETED_DEVICE_FAMILY = 1;
			};
			name = Release;
		};
/* End XCBuildConfiguration section */

/* Begin XCConfigurationList section */
		856235D725FC656B00EBBFD6 /* Build configuration list for PBXProject "SmoothTabBar" */ = {
			isa = XCConfigurationList;
			buildConfigurations = (
				856235EE25FC656E00EBBFD6 /* Debug */,
				856235EF25FC656E00EBBFD6 /* Release */,
			);
			defaultConfigurationIsVisible = 0;
			defaultConfigurationName = Release;
		};
		856235F025FC656E00EBBFD6 /* Build configuration list for PBXNativeTarget "SmoothTabBar" */ = {
			isa = XCConfigurationList;
			buildConfigurations = (
				856235F125FC656E00EBBFD6 /* Debug */,
				856235F225FC656E00EBBFD6 /* Release */,
			);
			defaultConfigurationIsVisible = 0;
			defaultConfigurationName = Release;
		};
/* End XCConfigurationList section */
	};
	rootObject = 856235D425FC656B00EBBFD6 /* Project object */;
}
